{
  "name": "sauron",
  "version": "1.0.0",
  "lockfileVersion": 3,
  "requires": true,
  "packages": {
    "": {
      "name": "sauron",
      "version": "1.0.0",
      "devDependencies": {
        "turbo": "^2.0.12"
      }
    },
    "node_modules/turbo": {
      "version": "2.0.12",
      "resolved": "https://taly-eir-706347365812.d.codeartifact.eu-west-1.amazonaws.com/npm/taly-prisma/turbo/-/turbo-2.0.12.tgz",
      "integrity": "sha512-8s2KwqjwQj7z8Z53SUZSKVkQOZ2/Sl4D2F440oaBY/k2lGju60dW6srEpnn8/RIDeICZmQn3pQHF79Jfnc5Skw==",
      "dev": true,
      "bin": {
        "turbo": "bin/turbo"
      },
      "optionalDependencies": {
        "turbo-darwin-64": "2.0.12",
        "turbo-darwin-arm64": "2.0.12",
        "turbo-linux-64": "2.0.12",
        "turbo-linux-arm64": "2.0.12",
        "turbo-windows-64": "2.0.12",
        "turbo-windows-arm64": "2.0.12"
      }
    },
    "node_modules/turbo-darwin-64": {
      "version": "2.0.12",
      "resolved": "https://taly-eir-706347365812.d.codeartifact.eu-west-1.amazonaws.com/npm/taly-prisma/turbo-darwin-64/-/turbo-darwin-64-2.0.12.tgz",
      "integrity": "sha512-NAgfgbXxX/JScWQmmQnGbPuFZq7LIswHfcMk5JwyBXQM/xmklNOxxac7MnGGIOf19Z2f6S3qHy17VIj0SeGfnA==",
      "dev": true,
      "optional": true
    },
    "node_modules/turbo-darwin-arm64": {
      "version": "2.0.12",
      "resolved": "https://taly-eir-706347365812.d.codeartifact.eu-west-1.amazonaws.com/npm/taly-prisma/turbo-darwin-arm64/-/turbo-darwin-arm64-2.0.12.tgz",
      "integrity": "sha512-cP02uer5KSJ+fXL+OfRRk5hnVjV0c60hxDgNcJxrZpfhun7HHoKDDR7w2xhQntiA45aC6ZZEXRqMKpj6GAmKbg==",
      "dev": true,
      "optional": true
    },
    "node_modules/turbo-linux-64": {
      "version": "2.0.12",
      "resolved": "https://taly-eir-706347365812.d.codeartifact.eu-west-1.amazonaws.com/npm/taly-prisma/turbo-linux-64/-/turbo-linux-64-2.0.12.tgz",
      "integrity": "sha512-+mQgGfg1eq5qF+wenK/FKJaNMNAo5DQLC4htQy+8osW+fx6U+8+6UlPQPaycAWDEqwOI7NwuqkeHfkEQLQUTyQ==",
      "dev": true,
      "optional": true
    },
    "node_modules/turbo-linux-arm64": {
      "version": "2.0.12",
      "resolved": "https://taly-eir-706347365812.d.codeartifact.eu-west-1.amazonaws.com/npm/taly-prisma/turbo-linux-arm64/-/turbo-linux-arm64-2.0.12.tgz",
      "integrity": "sha512-KFyEZDXfPU1DK4zimxdCcqAcK7IIttX4mfsgB7NsSEOmH0dhHOih/YFYiyEDC1lTRx0C2RlzQ0Kjjdz48AN5Eg==",
      "dev": true,
      "optional": true
    },
    "node_modules/turbo-windows-64": {
      "version": "2.0.12",
      "resolved": "https://taly-eir-706347365812.d.codeartifact.eu-west-1.amazonaws.com/npm/taly-prisma/turbo-windows-64/-/turbo-windows-64-2.0.12.tgz",
      "integrity": "sha512-kJj4KCkZTkDTDCqsSw1m1dbO4WeoQq1mYUm/thXOH0OkeqYbSMt0EyoTcJOgKUDsrMnzZD2gPfYrlYHtV69lVA==",
      "dev": true,
      "optional": true
    },
    "node_modules/turbo-windows-arm64": {
      "version": "2.0.12",
      "resolved": "https://taly-eir-706347365812.d.codeartifact.eu-west-1.amazonaws.com/npm/taly-prisma/turbo-windows-arm64/-/turbo-windows-arm64-2.0.12.tgz",
      "integrity": "sha512-TY3ROxguDilN2olCwcZMaePdW01Xhma0pZU7bNhsQEqca9RGAmsZBuzfGnTMcWPmv4tpnb/PlX1hrt1Hod/44Q==",
      "dev": true,
      "optional": true
    }
  }
}
